PODS:
  - Alamofire (4.9.1)
  - Differentiator (4.0.1)
  - Nuke (9.1.2)
  - R.swift (5.2.2):
    - R.swift.Library (~> 5.2.0)
  - R.swift.Library (5.2.0)
  - RxCocoa (5.0.0):
    - RxRelay (~> 5)
    - RxSwift (~> 5)
  - RxDataSources (4.0.1):
    - Differentiator (~> 4.0)
    - RxCocoa (~> 5.0)
    - RxSwift (~> 5.0)
  - RxFeedback (3.0.0):
    - RxCocoa (~> 5.0)
    - RxSwift (~> 5.0)
  - RxRelay (5.1.1):
    - RxSwift (~> 5)
  - RxSwift (5.1.0)
  - SnapKit (5.0.1)
  - SwiftLint (0.39.1)

DEPENDENCIES:
  - Alamofire (~> 4.8)
  - Nuke (= 9.1.2)
  - R.swift (= 5.2.2)
  - RxCocoa (= 5.0)
  - RxDataSources (= 4.0.1)
  - RxFeedback (= 3.0.0)
  - RxSwift (= 5.1.0)
  - SnapKit (~> 5.0.0)
  - SwiftLint (= 0.39.1)

SPEC REPOS:
  trunk:
    - Alamofire
    - Differentiator
    - Nuke
    - R.swift
    - R.swift.Library
    - RxCocoa
    - RxDataSources
    - RxFeedback
    - RxRelay
    - RxSwift
    - SnapKit
    - SwiftLint

SPEC CHECKSUMS:
  Alamofire: 85e8a02c69d6020a0d734f6054870d7ecb75cf18
  Differentiator: 886080237d9f87f322641dedbc5be257061b0602
  Nuke: dd2e6be6a34c042a7861e190632781d11f253026
  R.swift: 7c52cdc57a66840ffe6cbd8a823d732059d42a32
  R.swift.Library: 5ba4f1631300caf9a4d890186930da85d540769d
  RxCocoa: fcf32050ac00d801f34a7f71d5e8e7f23026dcd8
  RxDataSources: efee07fa4de48477eca0a4611e6d11e2da9c1114
  RxFeedback: 4260d8dad5bba28b182c0b9ff5bce68c260de183
  RxRelay: d77f7d771495f43c556cbc43eebd1bb54d01e8e9
  RxSwift: ad5874f24bb0dbffd1e9bb8443604e3578796c7a
  SnapKit: 97b92857e3df3a0c71833cce143274bf6ef8e5eb
  SwiftLint: 55e96a4a4d537d4a3156859fc1c54bd24851a046

PODFILE CHECKSUM: ec15cda1c13e8ab1fba64c80e49e2ebd99edfe86

COCOAPODS: 1.8.4
