// !$*UTF8*$!
{
	archiveVersion = 1;
	classes = {
	};
	objectVersion = 51;
	objects = {

/* Begin PBXBuildFile section */
		3A0D727AE37C618CB72F0A43 /* Pods_BeerPal.framework in Frameworks */ = {isa = PBXBuildFile; fileRef = BB6A7E47003A9C3B176619F8 /* Pods_BeerPal.framework */; };
		A8C3AA4264FE72D91441A5DB /* Pods_BeerPal_BeerPalUITests.framework in Frameworks */ = {isa = PBXBuildFile; fileRef = 9B7DAEAEADBCE5D0ED4E3A4C /* Pods_BeerPal_BeerPalUITests.framework */; };
		C89D87568C2894767F3A07A8 /* Pods_BeerPal_BeerPalTests.framework in Frameworks */ = {isa = PBXBuildFile; fileRef = 02220652441341AC60169CBB /* Pods_BeerPal_BeerPalTests.framework */; };
		E600869F24FC224C005173DC /* AppCoordinator.swift in Sources */ = {isa = PBXBuildFile; fileRef = E600869E24FC224C005173DC /* AppCoordinator.swift */; };
		E60086A124FC233D005173DC /* AppDependencies.swift in Sources */ = {isa = PBXBuildFile; fileRef = E60086A024FC233D005173DC /* AppDependencies.swift */; };
		E609A77824F8731B00636D58 /* Endpoint.swift in Sources */ = {isa = PBXBuildFile; fileRef = E609A77724F8731B00636D58 /* Endpoint.swift */; };
		E69FB62C24FA6375008CA896 /* CoordinatorProtocol.swift in Sources */ = {isa = PBXBuildFile; fileRef = E69FB62B24FA6375008CA896 /* CoordinatorProtocol.swift */; };
		E69FB63024FA6607008CA896 /* TabsCoordinator.swift in Sources */ = {isa = PBXBuildFile; fileRef = E69FB62F24FA6607008CA896 /* TabsCoordinator.swift */; };
		E69FB63224FA671A008CA896 /* TabsDependencies.swift in Sources */ = {isa = PBXBuildFile; fileRef = E69FB63124FA671A008CA896 /* TabsDependencies.swift */; };
		E69FB63524FAA58E008CA896 /* CoordinatorTests.swift in Sources */ = {isa = PBXBuildFile; fileRef = E69FB63424FAA58E008CA896 /* CoordinatorTests.swift */; };
		E69FB63724FAA628008CA896 /* CoordinatorMock.swift in Sources */ = {isa = PBXBuildFile; fileRef = E69FB63624FAA628008CA896 /* CoordinatorMock.swift */; };
		E6A05F4224F47F27004CF43B /* AppDelegate.swift in Sources */ = {isa = PBXBuildFile; fileRef = E6A05F4124F47F27004CF43B /* AppDelegate.swift */; };
		E6A05F4B24F47F29004CF43B /* Assets.xcassets in Resources */ = {isa = PBXBuildFile; fileRef = E6A05F4A24F47F29004CF43B /* Assets.xcassets */; };
		E6A05F4E24F47F29004CF43B /* LaunchScreen.storyboard in Resources */ = {isa = PBXBuildFile; fileRef = E6A05F4C24F47F29004CF43B /* LaunchScreen.storyboard */; };
		E6A05F5924F47F29004CF43B /* BeerPalTests.swift in Sources */ = {isa = PBXBuildFile; fileRef = E6A05F5824F47F29004CF43B /* BeerPalTests.swift */; };
		E6A05F6424F47F29004CF43B /* BeerPalUITests.swift in Sources */ = {isa = PBXBuildFile; fileRef = E6A05F6324F47F29004CF43B /* BeerPalUITests.swift */; };
		E6B0193824F5CCEA0074291A /* R.generated.swift in Sources */ = {isa = PBXBuildFile; fileRef = E6B0193724F5CCEA0074291A /* R.generated.swift */; };
		E6B98FCF24F8602C00F23124 /* URLBuilderTests.swift in Sources */ = {isa = PBXBuildFile; fileRef = E6B98FCE24F8602C00F23124 /* URLBuilderTests.swift */; };
		E6B98FD224F8613600F23124 /* URLBuilder.swift in Sources */ = {isa = PBXBuildFile; fileRef = E6B98FD124F8613600F23124 /* URLBuilder.swift */; };
		E6B98FD424F861AF00F23124 /* AppConfig.swift in Sources */ = {isa = PBXBuildFile; fileRef = E6B98FD324F861AF00F23124 /* AppConfig.swift */; };
		E6C7109E24F9AF900060A4C3 /* JSONTestable.swift in Sources */ = {isa = PBXBuildFile; fileRef = E6C7109D24F9AF900060A4C3 /* JSONTestable.swift */; };
		E6C710A024F9B0B50060A4C3 /* Ticket.swift in Sources */ = {isa = PBXBuildFile; fileRef = E6C7109F24F9B0B50060A4C3 /* Ticket.swift */; };
		E6C710A224F9B2880060A4C3 /* ResponseMock.swift in Sources */ = {isa = PBXBuildFile; fileRef = E6C710A124F9B2880060A4C3 /* ResponseMock.swift */; };
		E6C710A424F9B2CE0060A4C3 /* URLProtocolMock.swift in Sources */ = {isa = PBXBuildFile; fileRef = E6C710A324F9B2CE0060A4C3 /* URLProtocolMock.swift */; };
		E6C710A824F9BA530060A4C3 /* NetworkingAdapterSpy.swift in Sources */ = {isa = PBXBuildFile; fileRef = E6C710A724F9BA530060A4C3 /* NetworkingAdapterSpy.swift */; };
		E6D16F9824F9987A008C1BD8 /* NetworkingService.swift in Sources */ = {isa = PBXBuildFile; fileRef = E6D16F9724F9987A008C1BD8 /* NetworkingService.swift */; };
		E6D16F9B24F99DEB008C1BD8 /* NetworkingProtocol.swift in Sources */ = {isa = PBXBuildFile; fileRef = E6D16F9A24F99DEB008C1BD8 /* NetworkingProtocol.swift */; };
		E6D16F9D24F99F41008C1BD8 /* NetworkingServiceTests.swift in Sources */ = {isa = PBXBuildFile; fileRef = E6D16F9C24F99F41008C1BD8 /* NetworkingServiceTests.swift */; };
		E6D16FA024F9A248008C1BD8 /* EndpointTests.swift in Sources */ = {isa = PBXBuildFile; fileRef = E6D16F9F24F9A248008C1BD8 /* EndpointTests.swift */; };
/* End PBXBuildFile section */

/* Begin PBXContainerItemProxy section */
		E6A05F5524F47F29004CF43B /* PBXContainerItemProxy */ = {
			isa = PBXContainerItemProxy;
			containerPortal = E6A05F3624F47F27004CF43B /* Project object */;
			proxyType = 1;
			remoteGlobalIDString = E6A05F3D24F47F27004CF43B;
			remoteInfo = BeerPal;
		};
		E6A05F6024F47F29004CF43B /* PBXContainerItemProxy */ = {
			isa = PBXContainerItemProxy;
			containerPortal = E6A05F3624F47F27004CF43B /* Project object */;
			proxyType = 1;
			remoteGlobalIDString = E6A05F3D24F47F27004CF43B;
			remoteInfo = BeerPal;
		};
/* End PBXContainerItemProxy section */

/* Begin PBXFileReference section */
		02220652441341AC60169CBB /* Pods_BeerPal_BeerPalTests.framework */ = {isa = PBXFileReference; explicitFileType = wrapper.framework; includeInIndex = 0; path = Pods_BeerPal_BeerPalTests.framework; sourceTree = BUILT_PRODUCTS_DIR; };
		2271DAEBE1C0317845EC4198 /* Pods-BeerPal-BeerPalTests.release.xcconfig */ = {isa = PBXFileReference; includeInIndex = 1; lastKnownFileType = text.xcconfig; name = "Pods-BeerPal-BeerPalTests.release.xcconfig"; path = "Target Support Files/Pods-BeerPal-BeerPalTests/Pods-BeerPal-BeerPalTests.release.xcconfig"; sourceTree = "<group>"; };
		2594B62B80F57A19D931D6AE /* Pods-BeerPal.debug.xcconfig */ = {isa = PBXFileReference; includeInIndex = 1; lastKnownFileType = text.xcconfig; name = "Pods-BeerPal.debug.xcconfig"; path = "Target Support Files/Pods-BeerPal/Pods-BeerPal.debug.xcconfig"; sourceTree = "<group>"; };
		2DD7AD62F899FC16E85EBE14 /* Pods-BeerPal-BeerPalTests.debug.xcconfig */ = {isa = PBXFileReference; includeInIndex = 1; lastKnownFileType = text.xcconfig; name = "Pods-BeerPal-BeerPalTests.debug.xcconfig"; path = "Target Support Files/Pods-BeerPal-BeerPalTests/Pods-BeerPal-BeerPalTests.debug.xcconfig"; sourceTree = "<group>"; };
		389B06F955ACE9422A7999C5 /* Pods-BeerPal-BeerPalUITests.release.xcconfig */ = {isa = PBXFileReference; includeInIndex = 1; lastKnownFileType = text.xcconfig; name = "Pods-BeerPal-BeerPalUITests.release.xcconfig"; path = "Target Support Files/Pods-BeerPal-BeerPalUITests/Pods-BeerPal-BeerPalUITests.release.xcconfig"; sourceTree = "<group>"; };
		988199612F5CBB7BB971BE53 /* Pods-BeerPal.release.xcconfig */ = {isa = PBXFileReference; includeInIndex = 1; lastKnownFileType = text.xcconfig; name = "Pods-BeerPal.release.xcconfig"; path = "Target Support Files/Pods-BeerPal/Pods-BeerPal.release.xcconfig"; sourceTree = "<group>"; };
		9B7DAEAEADBCE5D0ED4E3A4C /* Pods_BeerPal_BeerPalUITests.framework */ = {isa = PBXFileReference; explicitFileType = wrapper.framework; includeInIndex = 0; path = Pods_BeerPal_BeerPalUITests.framework; sourceTree = BUILT_PRODUCTS_DIR; };
		BB6A7E47003A9C3B176619F8 /* Pods_BeerPal.framework */ = {isa = PBXFileReference; explicitFileType = wrapper.framework; includeInIndex = 0; path = Pods_BeerPal.framework; sourceTree = BUILT_PRODUCTS_DIR; };
		E600869E24FC224C005173DC /* AppCoordinator.swift */ = {isa = PBXFileReference; lastKnownFileType = sourcecode.swift; path = AppCoordinator.swift; sourceTree = "<group>"; };
		E60086A024FC233D005173DC /* AppDependencies.swift */ = {isa = PBXFileReference; lastKnownFileType = sourcecode.swift; path = AppDependencies.swift; sourceTree = "<group>"; };
		E609A77724F8731B00636D58 /* Endpoint.swift */ = {isa = PBXFileReference; lastKnownFileType = sourcecode.swift; path = Endpoint.swift; sourceTree = "<group>"; };
		E69FB62B24FA6375008CA896 /* CoordinatorProtocol.swift */ = {isa = PBXFileReference; lastKnownFileType = sourcecode.swift; path = CoordinatorProtocol.swift; sourceTree = "<group>"; };
		E69FB62F24FA6607008CA896 /* TabsCoordinator.swift */ = {isa = PBXFileReference; lastKnownFileType = sourcecode.swift; path = TabsCoordinator.swift; sourceTree = "<group>"; };
		E69FB63124FA671A008CA896 /* TabsDependencies.swift */ = {isa = PBXFileReference; lastKnownFileType = sourcecode.swift; path = TabsDependencies.swift; sourceTree = "<group>"; };
		E69FB63424FAA58E008CA896 /* CoordinatorTests.swift */ = {isa = PBXFileReference; lastKnownFileType = sourcecode.swift; path = CoordinatorTests.swift; sourceTree = "<group>"; };
		E69FB63624FAA628008CA896 /* CoordinatorMock.swift */ = {isa = PBXFileReference; lastKnownFileType = sourcecode.swift; path = CoordinatorMock.swift; sourceTree = "<group>"; };
		E6A05F3E24F47F27004CF43B /* BeerPal.app */ = {isa = PBXFileReference; explicitFileType = wrapper.application; includeInIndex = 0; path = BeerPal.app; sourceTree = BUILT_PRODUCTS_DIR; };
		E6A05F4124F47F27004CF43B /* AppDelegate.swift */ = {isa = PBXFileReference; lastKnownFileType = sourcecode.swift; path = AppDelegate.swift; sourceTree = "<group>"; };
		E6A05F4A24F47F29004CF43B /* Assets.xcassets */ = {isa = PBXFileReference; lastKnownFileType = folder.assetcatalog; path = Assets.xcassets; sourceTree = "<group>"; };
		E6A05F4D24F47F29004CF43B /* Base */ = {isa = PBXFileReference; lastKnownFileType = file.storyboard; name = Base; path = Base.lproj/LaunchScreen.storyboard; sourceTree = "<group>"; };
		E6A05F4F24F47F29004CF43B /* Info.plist */ = {isa = PBXFileReference; lastKnownFileType = text.plist.xml; name = Info.plist; path = ../Info.plist; sourceTree = "<group>"; };
		E6A05F5424F47F29004CF43B /* BeerPalTests.xctest */ = {isa = PBXFileReference; explicitFileType = wrapper.cfbundle; includeInIndex = 0; path = BeerPalTests.xctest; sourceTree = BUILT_PRODUCTS_DIR; };
		E6A05F5824F47F29004CF43B /* BeerPalTests.swift */ = {isa = PBXFileReference; lastKnownFileType = sourcecode.swift; path = BeerPalTests.swift; sourceTree = "<group>"; };
		E6A05F5A24F47F29004CF43B /* Info.plist */ = {isa = PBXFileReference; lastKnownFileType = text.plist.xml; path = Info.plist; sourceTree = "<group>"; };
		E6A05F5F24F47F29004CF43B /* BeerPalUITests.xctest */ = {isa = PBXFileReference; explicitFileType = wrapper.cfbundle; includeInIndex = 0; path = BeerPalUITests.xctest; sourceTree = BUILT_PRODUCTS_DIR; };
		E6A05F6324F47F29004CF43B /* BeerPalUITests.swift */ = {isa = PBXFileReference; lastKnownFileType = sourcecode.swift; path = BeerPalUITests.swift; sourceTree = "<group>"; };
		E6A05F6524F47F29004CF43B /* Info.plist */ = {isa = PBXFileReference; lastKnownFileType = text.plist.xml; path = Info.plist; sourceTree = "<group>"; };
		E6B0193724F5CCEA0074291A /* R.generated.swift */ = {isa = PBXFileReference; fileEncoding = 4; lastKnownFileType = sourcecode.swift; path = R.generated.swift; sourceTree = SOURCE_ROOT; };
		E6B98FCE24F8602C00F23124 /* URLBuilderTests.swift */ = {isa = PBXFileReference; lastKnownFileType = sourcecode.swift; path = URLBuilderTests.swift; sourceTree = "<group>"; };
		E6B98FD124F8613600F23124 /* URLBuilder.swift */ = {isa = PBXFileReference; lastKnownFileType = sourcecode.swift; path = URLBuilder.swift; sourceTree = "<group>"; };
		E6B98FD324F861AF00F23124 /* AppConfig.swift */ = {isa = PBXFileReference; lastKnownFileType = sourcecode.swift; path = AppConfig.swift; sourceTree = "<group>"; };
		E6C7109D24F9AF900060A4C3 /* JSONTestable.swift */ = {isa = PBXFileReference; lastKnownFileType = sourcecode.swift; path = JSONTestable.swift; sourceTree = "<group>"; };
		E6C7109F24F9B0B50060A4C3 /* Ticket.swift */ = {isa = PBXFileReference; lastKnownFileType = sourcecode.swift; path = Ticket.swift; sourceTree = "<group>"; };
		E6C710A124F9B2880060A4C3 /* ResponseMock.swift */ = {isa = PBXFileReference; lastKnownFileType = sourcecode.swift; path = ResponseMock.swift; sourceTree = "<group>"; };
		E6C710A324F9B2CE0060A4C3 /* URLProtocolMock.swift */ = {isa = PBXFileReference; lastKnownFileType = sourcecode.swift; path = URLProtocolMock.swift; sourceTree = "<group>"; };
		E6C710A724F9BA530060A4C3 /* NetworkingAdapterSpy.swift */ = {isa = PBXFileReference; lastKnownFileType = sourcecode.swift; path = NetworkingAdapterSpy.swift; sourceTree = "<group>"; };
		E6D16F9724F9987A008C1BD8 /* NetworkingService.swift */ = {isa = PBXFileReference; lastKnownFileType = sourcecode.swift; path = NetworkingService.swift; sourceTree = "<group>"; };
		E6D16F9A24F99DEB008C1BD8 /* NetworkingProtocol.swift */ = {isa = PBXFileReference; lastKnownFileType = sourcecode.swift; path = NetworkingProtocol.swift; sourceTree = "<group>"; };
		E6D16F9C24F99F41008C1BD8 /* NetworkingServiceTests.swift */ = {isa = PBXFileReference; lastKnownFileType = sourcecode.swift; path = NetworkingServiceTests.swift; sourceTree = "<group>"; };
		E6D16F9F24F9A248008C1BD8 /* EndpointTests.swift */ = {isa = PBXFileReference; lastKnownFileType = sourcecode.swift; path = EndpointTests.swift; sourceTree = "<group>"; };
		F4817C806EF98791B685D77C /* Pods-BeerPal-BeerPalUITests.debug.xcconfig */ = {isa = PBXFileReference; includeInIndex = 1; lastKnownFileType = text.xcconfig; name = "Pods-BeerPal-BeerPalUITests.debug.xcconfig"; path = "Target Support Files/Pods-BeerPal-BeerPalUITests/Pods-BeerPal-BeerPalUITests.debug.xcconfig"; sourceTree = "<group>"; };
/* End PBXFileReference section */

/* Begin PBXFrameworksBuildPhase section */
		E6A05F3B24F47F27004CF43B /* Frameworks */ = {
			isa = PBXFrameworksBuildPhase;
			buildActionMask = 2147483647;
			files = (
				3A0D727AE37C618CB72F0A43 /* Pods_BeerPal.framework in Frameworks */,
			);
			runOnlyForDeploymentPostprocessing = 0;
		};
		E6A05F5124F47F29004CF43B /* Frameworks */ = {
			isa = PBXFrameworksBuildPhase;
			buildActionMask = 2147483647;
			files = (
				C89D87568C2894767F3A07A8 /* Pods_BeerPal_BeerPalTests.framework in Frameworks */,
			);
			runOnlyForDeploymentPostprocessing = 0;
		};
		E6A05F5C24F47F29004CF43B /* Frameworks */ = {
			isa = PBXFrameworksBuildPhase;
			buildActionMask = 2147483647;
			files = (
				A8C3AA4264FE72D91441A5DB /* Pods_BeerPal_BeerPalUITests.framework in Frameworks */,
			);
			runOnlyForDeploymentPostprocessing = 0;
		};
/* End PBXFrameworksBuildPhase section */

/* Begin PBXGroup section */
		3969858EC7712BC3BB9E3A48 /* Frameworks */ = {
			isa = PBXGroup;
			children = (
				BB6A7E47003A9C3B176619F8 /* Pods_BeerPal.framework */,
				02220652441341AC60169CBB /* Pods_BeerPal_BeerPalTests.framework */,
				9B7DAEAEADBCE5D0ED4E3A4C /* Pods_BeerPal_BeerPalUITests.framework */,
			);
			name = Frameworks;
			sourceTree = "<group>";
		};
		CF05180C33B93671A7B8B785 /* Pods */ = {
			isa = PBXGroup;
			children = (
				2594B62B80F57A19D931D6AE /* Pods-BeerPal.debug.xcconfig */,
				988199612F5CBB7BB971BE53 /* Pods-BeerPal.release.xcconfig */,
				2DD7AD62F899FC16E85EBE14 /* Pods-BeerPal-BeerPalTests.debug.xcconfig */,
				2271DAEBE1C0317845EC4198 /* Pods-BeerPal-BeerPalTests.release.xcconfig */,
				F4817C806EF98791B685D77C /* Pods-BeerPal-BeerPalUITests.debug.xcconfig */,
				389B06F955ACE9422A7999C5 /* Pods-BeerPal-BeerPalUITests.release.xcconfig */,
			);
			path = Pods;
			sourceTree = "<group>";
		};
		E600869D24FC1DD2005173DC /* App */ = {
			isa = PBXGroup;
			children = (
				E600869E24FC224C005173DC /* AppCoordinator.swift */,
				E60086A024FC233D005173DC /* AppDependencies.swift */,
			);
			path = App;
			sourceTree = "<group>";
		};
		E69FB62A24FA6355008CA896 /* Coordinators */ = {
			isa = PBXGroup;
			children = (
				E69FB62B24FA6375008CA896 /* CoordinatorProtocol.swift */,
				E600869D24FC1DD2005173DC /* App */,
				E69FB62E24FA65D8008CA896 /* Tabs */,
			);
			path = Coordinators;
			sourceTree = "<group>";
		};
		E69FB62E24FA65D8008CA896 /* Tabs */ = {
			isa = PBXGroup;
			children = (
				E69FB62F24FA6607008CA896 /* TabsCoordinator.swift */,
				E69FB63124FA671A008CA896 /* TabsDependencies.swift */,
			);
			path = Tabs;
			sourceTree = "<group>";
		};
		E69FB63324FAA57D008CA896 /* Coordinator */ = {
			isa = PBXGroup;
			children = (
				E69FB63624FAA628008CA896 /* CoordinatorMock.swift */,
				E69FB63424FAA58E008CA896 /* CoordinatorTests.swift */,
			);
			path = Coordinator;
			sourceTree = "<group>";
		};
		E6A05F3524F47F27004CF43B = {
			isa = PBXGroup;
			children = (
				E6A05F4024F47F27004CF43B /* BeerPal */,
				E6A05F5724F47F29004CF43B /* BeerPalTests */,
				E6A05F6224F47F29004CF43B /* BeerPalUITests */,
				E6A05F3F24F47F27004CF43B /* Products */,
				CF05180C33B93671A7B8B785 /* Pods */,
				3969858EC7712BC3BB9E3A48 /* Frameworks */,
			);
			sourceTree = "<group>";
		};
		E6A05F3F24F47F27004CF43B /* Products */ = {
			isa = PBXGroup;
			children = (
				E6A05F3E24F47F27004CF43B /* BeerPal.app */,
				E6A05F5424F47F29004CF43B /* BeerPalTests.xctest */,
				E6A05F5F24F47F29004CF43B /* BeerPalUITests.xctest */,
			);
			name = Products;
			sourceTree = "<group>";
		};
		E6A05F4024F47F27004CF43B /* BeerPal */ = {
			isa = PBXGroup;
			children = (
				E6AD514724F712C6005D0A08 /* App */,
				E6AD514624F712BD005D0A08 /* Resources */,
				E6AD514824F712D0005D0A08 /* Scenes */,
				E6AD514924F712D6005D0A08 /* Services */,
			);
			path = BeerPal;
			sourceTree = "<group>";
		};
		E6A05F5724F47F29004CF43B /* BeerPalTests */ = {
			isa = PBXGroup;
			children = (
				E69FB63324FAA57D008CA896 /* Coordinator */,
				E6B98FCD24F8601800F23124 /* Networking */,
				E6A05F5824F47F29004CF43B /* BeerPalTests.swift */,
				E6A05F5A24F47F29004CF43B /* Info.plist */,
			);
			path = BeerPalTests;
			sourceTree = "<group>";
		};
		E6A05F6224F47F29004CF43B /* BeerPalUITests */ = {
			isa = PBXGroup;
			children = (
				E6A05F6324F47F29004CF43B /* BeerPalUITests.swift */,
				E6A05F6524F47F29004CF43B /* Info.plist */,
			);
			path = BeerPalUITests;
			sourceTree = "<group>";
		};
		E6AD514624F712BD005D0A08 /* Resources */ = {
			isa = PBXGroup;
			children = (
				E6A05F4A24F47F29004CF43B /* Assets.xcassets */,
				E6A05F4F24F47F29004CF43B /* Info.plist */,
				E6A05F4C24F47F29004CF43B /* LaunchScreen.storyboard */,
				E6B0193724F5CCEA0074291A /* R.generated.swift */,
			);
			path = Resources;
			sourceTree = "<group>";
		};
		E6AD514724F712C6005D0A08 /* App */ = {
			isa = PBXGroup;
			children = (
				E69FB62A24FA6355008CA896 /* Coordinators */,
				E6A05F4124F47F27004CF43B /* AppDelegate.swift */,
				E6B98FD324F861AF00F23124 /* AppConfig.swift */,
			);
			path = App;
			sourceTree = "<group>";
		};
		E6AD514824F712D0005D0A08 /* Scenes */ = {
			isa = PBXGroup;
			children = (
			);
			path = Scenes;
			sourceTree = "<group>";
		};
		E6AD514924F712D6005D0A08 /* Services */ = {
			isa = PBXGroup;
			children = (
				E6B98FD024F8612D00F23124 /* Networking */,
			);
			path = Services;
			sourceTree = "<group>";
		};
		E6B98FCD24F8601800F23124 /* Networking */ = {
			isa = PBXGroup;
			children = (
				E6D16F9E24F9A0E7008C1BD8 /* Helpers */,
				E6D16F9F24F9A248008C1BD8 /* EndpointTests.swift */,
				E6D16F9C24F99F41008C1BD8 /* NetworkingServiceTests.swift */,
				E6B98FCE24F8602C00F23124 /* URLBuilderTests.swift */,
			);
			path = Networking;
			sourceTree = "<group>";
		};
		E6B98FD024F8612D00F23124 /* Networking */ = {
			isa = PBXGroup;
			children = (
				E6D16F9924F99DDB008C1BD8 /* Protocols */,
				E609A77724F8731B00636D58 /* Endpoint.swift */,
				E6D16F9724F9987A008C1BD8 /* NetworkingService.swift */,
				E6B98FD124F8613600F23124 /* URLBuilder.swift */,
			);
			path = Networking;
			sourceTree = "<group>";
		};
		E6D16F9924F99DDB008C1BD8 /* Protocols */ = {
			isa = PBXGroup;
			children = (
				E6D16F9A24F99DEB008C1BD8 /* NetworkingProtocol.swift */,
			);
			path = Protocols;
			sourceTree = "<group>";
		};
		E6D16F9E24F9A0E7008C1BD8 /* Helpers */ = {
			isa = PBXGroup;
			children = (
				E6C7109D24F9AF900060A4C3 /* JSONTestable.swift */,
				E6C710A724F9BA530060A4C3 /* NetworkingAdapterSpy.swift */,
				E6C710A124F9B2880060A4C3 /* ResponseMock.swift */,
				E6C7109F24F9B0B50060A4C3 /* Ticket.swift */,
				E6C710A324F9B2CE0060A4C3 /* URLProtocolMock.swift */,
			);
			path = Helpers;
			sourceTree = "<group>";
		};
/* End PBXGroup section */

/* Begin PBXNativeTarget section */
		E6A05F3D24F47F27004CF43B /* BeerPal */ = {
			isa = PBXNativeTarget;
			buildConfigurationList = E6A05F6824F47F29004CF43B /* Build configuration list for PBXNativeTarget "BeerPal" */;
			buildPhases = (
				AD8C9CD858FBEBC50D9A22D6 /* [CP] Check Pods Manifest.lock */,
				E6B0193624F5CC300074291A /* Run R.swift */,
				E6A05F3A24F47F27004CF43B /* Sources */,
				E6A05F3B24F47F27004CF43B /* Frameworks */,
				E6A05F3C24F47F27004CF43B /* Resources */,
				E6B0193524F5CC0B0074291A /* Run Swiftlint */,
				68A92FF8E591E66BA4A6A794 /* [CP] Embed Pods Frameworks */,
			);
			buildRules = (
			);
			dependencies = (
			);
			name = BeerPal;
			productName = BeerPal;
			productReference = E6A05F3E24F47F27004CF43B /* BeerPal.app */;
			productType = "com.apple.product-type.application";
		};
		E6A05F5324F47F29004CF43B /* BeerPalTests */ = {
			isa = PBXNativeTarget;
			buildConfigurationList = E6A05F6B24F47F29004CF43B /* Build configuration list for PBXNativeTarget "BeerPalTests" */;
			buildPhases = (
				A574A975625F7A44E8FE2D3D /* [CP] Check Pods Manifest.lock */,
				E6A05F5024F47F29004CF43B /* Sources */,
				E6A05F5124F47F29004CF43B /* Frameworks */,
				E6A05F5224F47F29004CF43B /* Resources */,
				E19AEB51D8F206618C791968 /* [CP] Embed Pods Frameworks */,
			);
			buildRules = (
			);
			dependencies = (
				E6A05F5624F47F29004CF43B /* PBXTargetDependency */,
			);
			name = BeerPalTests;
			productName = BeerPalTests;
			productReference = E6A05F5424F47F29004CF43B /* BeerPalTests.xctest */;
			productType = "com.apple.product-type.bundle.unit-test";
		};
		E6A05F5E24F47F29004CF43B /* BeerPalUITests */ = {
			isa = PBXNativeTarget;
			buildConfigurationList = E6A05F6E24F47F29004CF43B /* Build configuration list for PBXNativeTarget "BeerPalUITests" */;
			buildPhases = (
				686DA8E7429505417354028A /* [CP] Check Pods Manifest.lock */,
				E6A05F5B24F47F29004CF43B /* Sources */,
				E6A05F5C24F47F29004CF43B /* Frameworks */,
				E6A05F5D24F47F29004CF43B /* Resources */,
				1E994A0CD4C50D95FD7041FB /* ShellScript */,
				1E91D8EC5FB369D78B1C7CDB /* [CP] Embed Pods Frameworks */,
			);
			buildRules = (
			);
			dependencies = (
				E6A05F6124F47F29004CF43B /* PBXTargetDependency */,
			);
			name = BeerPalUITests;
			productName = BeerPalUITests;
			productReference = E6A05F5F24F47F29004CF43B /* BeerPalUITests.xctest */;
			productType = "com.apple.product-type.bundle.ui-testing";
		};
/* End PBXNativeTarget section */

/* Begin PBXProject section */
		E6A05F3624F47F27004CF43B /* Project object */ = {
			isa = PBXProject;
			attributes = {
				LastSwiftUpdateCheck = 1100;
				LastUpgradeCheck = 1100;
				ORGANIZATIONNAME = "Krzysztof Babis";
				TargetAttributes = {
					E6A05F3D24F47F27004CF43B = {
						CreatedOnToolsVersion = 11.0;
					};
					E6A05F5324F47F29004CF43B = {
						CreatedOnToolsVersion = 11.0;
						TestTargetID = E6A05F3D24F47F27004CF43B;
					};
					E6A05F5E24F47F29004CF43B = {
						CreatedOnToolsVersion = 11.0;
						TestTargetID = E6A05F3D24F47F27004CF43B;
					};
				};
			};
			buildConfigurationList = E6A05F3924F47F27004CF43B /* Build configuration list for PBXProject "BeerPal" */;
			compatibilityVersion = "Xcode 9.3";
			developmentRegion = en;
			hasScannedForEncodings = 0;
			knownRegions = (
				en,
				Base,
			);
			mainGroup = E6A05F3524F47F27004CF43B;
			productRefGroup = E6A05F3F24F47F27004CF43B /* Products */;
			projectDirPath = "";
			projectRoot = "";
			targets = (
				E6A05F3D24F47F27004CF43B /* BeerPal */,
				E6A05F5324F47F29004CF43B /* BeerPalTests */,
				E6A05F5E24F47F29004CF43B /* BeerPalUITests */,
			);
		};
/* End PBXProject section */

/* Begin PBXResourcesBuildPhase section */
		E6A05F3C24F47F27004CF43B /* Resources */ = {
			isa = PBXResourcesBuildPhase;
			buildActionMask = 2147483647;
			files = (
				E6A05F4E24F47F29004CF43B /* LaunchScreen.storyboard in Resources */,
				E6A05F4B24F47F29004CF43B /* Assets.xcassets in Resources */,
			);
			runOnlyForDeploymentPostprocessing = 0;
		};
		E6A05F5224F47F29004CF43B /* Resources */ = {
			isa = PBXResourcesBuildPhase;
			buildActionMask = 2147483647;
			files = (
			);
			runOnlyForDeploymentPostprocessing = 0;
		};
		E6A05F5D24F47F29004CF43B /* Resources */ = {
			isa = PBXResourcesBuildPhase;
			buildActionMask = 2147483647;
			files = (
			);
			runOnlyForDeploymentPostprocessing = 0;
		};
/* End PBXResourcesBuildPhase section */

/* Begin PBXShellScriptBuildPhase section */
		1E91D8EC5FB369D78B1C7CDB /* [CP] Embed Pods Frameworks */ = {
			isa = PBXShellScriptBuildPhase;
			buildActionMask = 2147483647;
			files = (
			);
			inputFileListPaths = (
				"${PODS_ROOT}/Target Support Files/Pods-BeerPal-BeerPalUITests/Pods-BeerPal-BeerPalUITests-frameworks-${CONFIGURATION}-input-files.xcfilelist",
			);
			name = "[CP] Embed Pods Frameworks";
			outputFileListPaths = (
				"${PODS_ROOT}/Target Support Files/Pods-BeerPal-BeerPalUITests/Pods-BeerPal-BeerPalUITests-frameworks-${CONFIGURATION}-output-files.xcfilelist",
			);
			runOnlyForDeploymentPostprocessing = 0;
			shellPath = /bin/sh;
			shellScript = "\"${PODS_ROOT}/Target Support Files/Pods-BeerPal-BeerPalUITests/Pods-BeerPal-BeerPalUITests-frameworks.sh\"\n";
			showEnvVarsInLog = 0;
		};
		1E994A0CD4C50D95FD7041FB /* ShellScript */ = {
			isa = PBXShellScriptBuildPhase;
			buildActionMask = 2147483647;
			files = (
			);
			inputFileListPaths = (
				"${PODS_ROOT}/Target Support Files/Pods-BeerPal-BeerPalUITests/Pods-BeerPal-BeerPalUITests-frameworks-${CONFIGURATION}-input-files.xcfilelist",
			);
			inputPaths = (
			);
			outputFileListPaths = (
				"${PODS_ROOT}/Target Support Files/Pods-BeerPal-BeerPalUITests/Pods-BeerPal-BeerPalUITests-frameworks-${CONFIGURATION}-output-files.xcfilelist",
			);
			outputPaths = (
			);
			runOnlyForDeploymentPostprocessing = 0;
			shellPath = /bin/sh;
			shellScript = "\"${PODS_ROOT}/Target Support Files/Pods-BeerPal-BeerPalUITests/Pods-BeerPal-BeerPalUITests-frameworks.sh\"\n";
			showEnvVarsInLog = 0;
		};
		686DA8E7429505417354028A /* [CP] Check Pods Manifest.lock */ = {
			isa = PBXShellScriptBuildPhase;
			buildActionMask = 2147483647;
			files = (
			);
			inputFileListPaths = (
			);
			inputPaths = (
				"${PODS_PODFILE_DIR_PATH}/Podfile.lock",
				"${PODS_ROOT}/Manifest.lock",
			);
			name = "[CP] Check Pods Manifest.lock";
			outputFileListPaths = (
			);
			outputPaths = (
				"$(DERIVED_FILE_DIR)/Pods-BeerPal-BeerPalUITests-checkManifestLockResult.txt",
			);
			runOnlyForDeploymentPostprocessing = 0;
			shellPath = /bin/sh;
			shellScript = "diff \"${PODS_PODFILE_DIR_PATH}/Podfile.lock\" \"${PODS_ROOT}/Manifest.lock\" > /dev/null\nif [ $? != 0 ] ; then\n    # print error to STDERR\n    echo \"error: The sandbox is not in sync with the Podfile.lock. Run 'pod install' or update your CocoaPods installation.\" >&2\n    exit 1\nfi\n# This output is used by Xcode 'outputs' to avoid re-running this script phase.\necho \"SUCCESS\" > \"${SCRIPT_OUTPUT_FILE_0}\"\n";
			showEnvVarsInLog = 0;
		};
		68A92FF8E591E66BA4A6A794 /* [CP] Embed Pods Frameworks */ = {
			isa = PBXShellScriptBuildPhase;
			buildActionMask = 2147483647;
			files = (
			);
			inputFileListPaths = (
				"${PODS_ROOT}/Target Support Files/Pods-BeerPal/Pods-BeerPal-frameworks-${CONFIGURATION}-input-files.xcfilelist",
			);
			name = "[CP] Embed Pods Frameworks";
			outputFileListPaths = (
				"${PODS_ROOT}/Target Support Files/Pods-BeerPal/Pods-BeerPal-frameworks-${CONFIGURATION}-output-files.xcfilelist",
			);
			runOnlyForDeploymentPostprocessing = 0;
			shellPath = /bin/sh;
			shellScript = "\"${PODS_ROOT}/Target Support Files/Pods-BeerPal/Pods-BeerPal-frameworks.sh\"\n";
			showEnvVarsInLog = 0;
		};
		A574A975625F7A44E8FE2D3D /* [CP] Check Pods Manifest.lock */ = {
			isa = PBXShellScriptBuildPhase;
			buildActionMask = 2147483647;
			files = (
			);
			inputFileListPaths = (
			);
			inputPaths = (
				"${PODS_PODFILE_DIR_PATH}/Podfile.lock",
				"${PODS_ROOT}/Manifest.lock",
			);
			name = "[CP] Check Pods Manifest.lock";
			outputFileListPaths = (
			);
			outputPaths = (
				"$(DERIVED_FILE_DIR)/Pods-BeerPal-BeerPalTests-checkManifestLockResult.txt",
			);
			runOnlyForDeploymentPostprocessing = 0;
			shellPath = /bin/sh;
			shellScript = "diff \"${PODS_PODFILE_DIR_PATH}/Podfile.lock\" \"${PODS_ROOT}/Manifest.lock\" > /dev/null\nif [ $? != 0 ] ; then\n    # print error to STDERR\n    echo \"error: The sandbox is not in sync with the Podfile.lock. Run 'pod install' or update your CocoaPods installation.\" >&2\n    exit 1\nfi\n# This output is used by Xcode 'outputs' to avoid re-running this script phase.\necho \"SUCCESS\" > \"${SCRIPT_OUTPUT_FILE_0}\"\n";
			showEnvVarsInLog = 0;
		};
		AD8C9CD858FBEBC50D9A22D6 /* [CP] Check Pods Manifest.lock */ = {
			isa = PBXShellScriptBuildPhase;
			buildActionMask = 2147483647;
			files = (
			);
			inputFileListPaths = (
			);
			inputPaths = (
				"${PODS_PODFILE_DIR_PATH}/Podfile.lock",
				"${PODS_ROOT}/Manifest.lock",
			);
			name = "[CP] Check Pods Manifest.lock";
			outputFileListPaths = (
			);
			outputPaths = (
				"$(DERIVED_FILE_DIR)/Pods-BeerPal-checkManifestLockResult.txt",
			);
			runOnlyForDeploymentPostprocessing = 0;
			shellPath = /bin/sh;
			shellScript = "diff \"${PODS_PODFILE_DIR_PATH}/Podfile.lock\" \"${PODS_ROOT}/Manifest.lock\" > /dev/null\nif [ $? != 0 ] ; then\n    # print error to STDERR\n    echo \"error: The sandbox is not in sync with the Podfile.lock. Run 'pod install' or update your CocoaPods installation.\" >&2\n    exit 1\nfi\n# This output is used by Xcode 'outputs' to avoid re-running this script phase.\necho \"SUCCESS\" > \"${SCRIPT_OUTPUT_FILE_0}\"\n";
			showEnvVarsInLog = 0;
		};
		E19AEB51D8F206618C791968 /* [CP] Embed Pods Frameworks */ = {
			isa = PBXShellScriptBuildPhase;
			buildActionMask = 2147483647;
			files = (
			);
			inputFileListPaths = (
				"${PODS_ROOT}/Target Support Files/Pods-BeerPal-BeerPalTests/Pods-BeerPal-BeerPalTests-frameworks-${CONFIGURATION}-input-files.xcfilelist",
			);
			name = "[CP] Embed Pods Frameworks";
			outputFileListPaths = (
				"${PODS_ROOT}/Target Support Files/Pods-BeerPal-BeerPalTests/Pods-BeerPal-BeerPalTests-frameworks-${CONFIGURATION}-output-files.xcfilelist",
			);
			runOnlyForDeploymentPostprocessing = 0;
			shellPath = /bin/sh;
			shellScript = "\"${PODS_ROOT}/Target Support Files/Pods-BeerPal-BeerPalTests/Pods-BeerPal-BeerPalTests-frameworks.sh\"\n";
			showEnvVarsInLog = 0;
		};
		E6B0193524F5CC0B0074291A /* Run Swiftlint */ = {
			isa = PBXShellScriptBuildPhase;
			buildActionMask = 2147483647;
			files = (
			);
			inputFileListPaths = (
			);
			inputPaths = (
			);
			name = "Run Swiftlint";
			outputFileListPaths = (
			);
			outputPaths = (
			);
			runOnlyForDeploymentPostprocessing = 0;
			shellPath = /bin/sh;
			shellScript = "${PODS_ROOT}/SwiftLint/swiftlint\n";
		};
		E6B0193624F5CC300074291A /* Run R.swift */ = {
			isa = PBXShellScriptBuildPhase;
			buildActionMask = 2147483647;
			files = (
			);
			inputFileListPaths = (
			);
			inputPaths = (
				"$TEMP_DIR/rswift-lastrun",
			);
			name = "Run R.swift";
			outputFileListPaths = (
			);
			outputPaths = (
				$SRCROOT/R.generated.swift,
			);
			runOnlyForDeploymentPostprocessing = 0;
			shellPath = /bin/sh;
			shellScript = "\"$PODS_ROOT/R.swift/rswift\" generate \"$SRCROOT/R.generated.swift\"\n";
		};
/* End PBXShellScriptBuildPhase section */

/* Begin PBXSourcesBuildPhase section */
		E6A05F3A24F47F27004CF43B /* Sources */ = {
			isa = PBXSourcesBuildPhase;
			buildActionMask = 2147483647;
			files = (
				E60086A124FC233D005173DC /* AppDependencies.swift in Sources */,
				E600869F24FC224C005173DC /* AppCoordinator.swift in Sources */,
				E6A05F4224F47F27004CF43B /* AppDelegate.swift in Sources */,
				E6B98FD424F861AF00F23124 /* AppConfig.swift in Sources */,
				E69FB62C24FA6375008CA896 /* CoordinatorProtocol.swift in Sources */,
				E6B0193824F5CCEA0074291A /* R.generated.swift in Sources */,
				E6D16F9824F9987A008C1BD8 /* NetworkingService.swift in Sources */,
				E6B98FD224F8613600F23124 /* URLBuilder.swift in Sources */,
				E69FB63024FA6607008CA896 /* TabsCoordinator.swift in Sources */,
				E6D16F9B24F99DEB008C1BD8 /* NetworkingProtocol.swift in Sources */,
				E69FB63224FA671A008CA896 /* TabsDependencies.swift in Sources */,
				E609A77824F8731B00636D58 /* Endpoint.swift in Sources */,
			);
			runOnlyForDeploymentPostprocessing = 0;
		};
		E6A05F5024F47F29004CF43B /* Sources */ = {
			isa = PBXSourcesBuildPhase;
			buildActionMask = 2147483647;
			files = (
				E6C710A824F9BA530060A4C3 /* NetworkingAdapterSpy.swift in Sources */,
				E6C710A024F9B0B50060A4C3 /* Ticket.swift in Sources */,
				E6A05F5924F47F29004CF43B /* BeerPalTests.swift in Sources */,
				E6D16F9D24F99F41008C1BD8 /* NetworkingServiceTests.swift in Sources */,
				E6D16FA024F9A248008C1BD8 /* EndpointTests.swift in Sources */,
				E6B98FCF24F8602C00F23124 /* URLBuilderTests.swift in Sources */,
				E69FB63724FAA628008CA896 /* CoordinatorMock.swift in Sources */,
				E69FB63524FAA58E008CA896 /* CoordinatorTests.swift in Sources */,
				E6C7109E24F9AF900060A4C3 /* JSONTestable.swift in Sources */,
				E6C710A224F9B2880060A4C3 /* ResponseMock.swift in Sources */,
				E6C710A424F9B2CE0060A4C3 /* URLProtocolMock.swift in Sources */,
			);
			runOnlyForDeploymentPostprocessing = 0;
		};
		E6A05F5B24F47F29004CF43B /* Sources */ = {
			isa = PBXSourcesBuildPhase;
			buildActionMask = 2147483647;
			files = (
				E6A05F6424F47F29004CF43B /* BeerPalUITests.swift in Sources */,
			);
			runOnlyForDeploymentPostprocessing = 0;
		};
/* End PBXSourcesBuildPhase section */

/* Begin PBXTargetDependency section */
		E6A05F5624F47F29004CF43B /* PBXTargetDependency */ = {
			isa = PBXTargetDependency;
			target = E6A05F3D24F47F27004CF43B /* BeerPal */;
			targetProxy = E6A05F5524F47F29004CF43B /* PBXContainerItemProxy */;
		};
		E6A05F6124F47F29004CF43B /* PBXTargetDependency */ = {
			isa = PBXTargetDependency;
			target = E6A05F3D24F47F27004CF43B /* BeerPal */;
			targetProxy = E6A05F6024F47F29004CF43B /* PBXContainerItemProxy */;
		};
/* End PBXTargetDependency section */

/* Begin PBXVariantGroup section */
		E6A05F4C24F47F29004CF43B /* LaunchScreen.storyboard */ = {
			isa = PBXVariantGroup;
			children = (
				E6A05F4D24F47F29004CF43B /* Base */,
			);
			name = LaunchScreen.storyboard;
			sourceTree = "<group>";
		};
/* End PBXVariantGroup section */

/* Begin XCBuildConfiguration section */
		E6A05F6624F47F29004CF43B /* Debug */ = {
			isa = XCBuildConfiguration;
			buildSettings = {
				ALWAYS_SEARCH_USER_PATHS = NO;
				CLANG_ANALYZER_NONNULL = YES;
				CLANG_ANALYZER_NUMBER_OBJECT_CONVERSION = YES_AGGRESSIVE;
				CLANG_CXX_LANGUAGE_STANDARD = "gnu++14";
				CLANG_CXX_LIBRARY = "libc++";
				CLANG_ENABLE_MODULES = YES;
				CLANG_ENABLE_OBJC_ARC = YES;
				CLANG_ENABLE_OBJC_WEAK = YES;
				CLANG_WARN_BLOCK_CAPTURE_AUTORELEASING = YES;
				CLANG_WARN_BOOL_CONVERSION = YES;
				CLANG_WARN_COMMA = YES;
				CLANG_WARN_CONSTANT_CONVERSION = YES;
				CLANG_WARN_DEPRECATED_OBJC_IMPLEMENTATIONS = YES;
				CLANG_WARN_DIRECT_OBJC_ISA_USAGE = YES_ERROR;
				CLANG_WARN_DOCUMENTATION_COMMENTS = YES;
				CLANG_WARN_EMPTY_BODY = YES;
				CLANG_WARN_ENUM_CONVERSION = YES;
				CLANG_WARN_INFINITE_RECURSION = YES;
				CLANG_WARN_INT_CONVERSION = YES;
				CLANG_WARN_NON_LITERAL_NULL_CONVERSION = YES;
				CLANG_WARN_OBJC_IMPLICIT_RETAIN_SELF = YES;
				CLANG_WARN_OBJC_LITERAL_CONVERSION = YES;
				CLANG_WARN_OBJC_ROOT_CLASS = YES_ERROR;
				CLANG_WARN_RANGE_LOOP_ANALYSIS = YES;
				CLANG_WARN_STRICT_PROTOTYPES = YES;
				CLANG_WARN_SUSPICIOUS_MOVE = YES;
				CLANG_WARN_UNGUARDED_AVAILABILITY = YES_AGGRESSIVE;
				CLANG_WARN_UNREACHABLE_CODE = YES;
				CLANG_WARN__DUPLICATE_METHOD_MATCH = YES;
				COPY_PHASE_STRIP = NO;
				DEBUG_INFORMATION_FORMAT = dwarf;
				ENABLE_STRICT_OBJC_MSGSEND = YES;
				ENABLE_TESTABILITY = YES;
				GCC_C_LANGUAGE_STANDARD = gnu11;
				GCC_DYNAMIC_NO_PIC = NO;
				GCC_NO_COMMON_BLOCKS = YES;
				GCC_OPTIMIZATION_LEVEL = 0;
				GCC_PREPROCESSOR_DEFINITIONS = (
					"DEBUG=1",
					"$(inherited)",
				);
				GCC_WARN_64_TO_32_BIT_CONVERSION = YES;
				GCC_WARN_ABOUT_RETURN_TYPE = YES_ERROR;
				GCC_WARN_UNDECLARED_SELECTOR = YES;
				GCC_WARN_UNINITIALIZED_AUTOS = YES_AGGRESSIVE;
				GCC_WARN_UNUSED_FUNCTION = YES;
				GCC_WARN_UNUSED_VARIABLE = YES;
				IPHONEOS_DEPLOYMENT_TARGET = 13.0;
				MTL_ENABLE_DEBUG_INFO = INCLUDE_SOURCE;
				MTL_FAST_MATH = YES;
				ONLY_ACTIVE_ARCH = YES;
				SDKROOT = iphoneos;
				SWIFT_ACTIVE_COMPILATION_CONDITIONS = DEBUG;
				SWIFT_OPTIMIZATION_LEVEL = "-Onone";
			};
			name = Debug;
		};
		E6A05F6724F47F29004CF43B /* Release */ = {
			isa = XCBuildConfiguration;
			buildSettings = {
				ALWAYS_SEARCH_USER_PATHS = NO;
				CLANG_ANALYZER_NONNULL = YES;
				CLANG_ANALYZER_NUMBER_OBJECT_CONVERSION = YES_AGGRESSIVE;
				CLANG_CXX_LANGUAGE_STANDARD = "gnu++14";
				CLANG_CXX_LIBRARY = "libc++";
				CLANG_ENABLE_MODULES = YES;
				CLANG_ENABLE_OBJC_ARC = YES;
				CLANG_ENABLE_OBJC_WEAK = YES;
				CLANG_WARN_BLOCK_CAPTURE_AUTORELEASING = YES;
				CLANG_WARN_BOOL_CONVERSION = YES;
				CLANG_WARN_COMMA = YES;
				CLANG_WARN_CONSTANT_CONVERSION = YES;
				CLANG_WARN_DEPRECATED_OBJC_IMPLEMENTATIONS = YES;
				CLANG_WARN_DIRECT_OBJC_ISA_USAGE = YES_ERROR;
				CLANG_WARN_DOCUMENTATION_COMMENTS = YES;
				CLANG_WARN_EMPTY_BODY = YES;
				CLANG_WARN_ENUM_CONVERSION = YES;
				CLANG_WARN_INFINITE_RECURSION = YES;
				CLANG_WARN_INT_CONVERSION = YES;
				CLANG_WARN_NON_LITERAL_NULL_CONVERSION = YES;
				CLANG_WARN_OBJC_IMPLICIT_RETAIN_SELF = YES;
				CLANG_WARN_OBJC_LITERAL_CONVERSION = YES;
				CLANG_WARN_OBJC_ROOT_CLASS = YES_ERROR;
				CLANG_WARN_RANGE_LOOP_ANALYSIS = YES;
				CLANG_WARN_STRICT_PROTOTYPES = YES;
				CLANG_WARN_SUSPICIOUS_MOVE = YES;
				CLANG_WARN_UNGUARDED_AVAILABILITY = YES_AGGRESSIVE;
				CLANG_WARN_UNREACHABLE_CODE = YES;
				CLANG_WARN__DUPLICATE_METHOD_MATCH = YES;
				COPY_PHASE_STRIP = NO;
				DEBUG_INFORMATION_FORMAT = "dwarf-with-dsym";
				ENABLE_NS_ASSERTIONS = NO;
				ENABLE_STRICT_OBJC_MSGSEND = YES;
				GCC_C_LANGUAGE_STANDARD = gnu11;
				GCC_NO_COMMON_BLOCKS = YES;
				GCC_WARN_64_TO_32_BIT_CONVERSION = YES;
				GCC_WARN_ABOUT_RETURN_TYPE = YES_ERROR;
				GCC_WARN_UNDECLARED_SELECTOR = YES;
				GCC_WARN_UNINITIALIZED_AUTOS = YES_AGGRESSIVE;
				GCC_WARN_UNUSED_FUNCTION = YES;
				GCC_WARN_UNUSED_VARIABLE = YES;
				IPHONEOS_DEPLOYMENT_TARGET = 13.0;
				MTL_ENABLE_DEBUG_INFO = NO;
				MTL_FAST_MATH = YES;
				SDKROOT = iphoneos;
				SWIFT_COMPILATION_MODE = wholemodule;
				SWIFT_OPTIMIZATION_LEVEL = "-O";
				VALIDATE_PRODUCT = YES;
			};
			name = Release;
		};
		E6A05F6924F47F29004CF43B /* Debug */ = {
			isa = XCBuildConfiguration;
			baseConfigurationReference = 2594B62B80F57A19D931D6AE /* Pods-BeerPal.debug.xcconfig */;
			buildSettings = {
				ASSETCATALOG_COMPILER_APPICON_NAME = AppIcon;
				CODE_SIGN_STYLE = Automatic;
				DEVELOPMENT_TEAM = TX9U4PU7DG;
				INFOPLIST_FILE = BeerPal/Resources/Info.plist;
				IPHONEOS_DEPLOYMENT_TARGET = 11.0;
				LD_RUNPATH_SEARCH_PATHS = (
					"$(inherited)",
					"@executable_path/Frameworks",
				);
				PRODUCT_BUNDLE_IDENTIFIER = com.babiskrzysztof.BeerPal;
				PRODUCT_NAME = "$(TARGET_NAME)";
				SWIFT_VERSION = 5.0;
				TARGETED_DEVICE_FAMILY = 1;
			};
			name = Debug;
		};
		E6A05F6A24F47F29004CF43B /* Release */ = {
			isa = XCBuildConfiguration;
			baseConfigurationReference = 988199612F5CBB7BB971BE53 /* Pods-BeerPal.release.xcconfig */;
			buildSettings = {
				ASSETCATALOG_COMPILER_APPICON_NAME = AppIcon;
				CODE_SIGN_STYLE = Automatic;
				DEVELOPMENT_TEAM = TX9U4PU7DG;
				INFOPLIST_FILE = BeerPal/Resources/Info.plist;
				IPHONEOS_DEPLOYMENT_TARGET = 11.0;
				LD_RUNPATH_SEARCH_PATHS = (
					"$(inherited)",
					"@executable_path/Frameworks",
				);
				PRODUCT_BUNDLE_IDENTIFIER = com.babiskrzysztof.BeerPal;
				PRODUCT_NAME = "$(TARGET_NAME)";
				SWIFT_VERSION = 5.0;
				TARGETED_DEVICE_FAMILY = 1;
			};
			name = Release;
		};
		E6A05F6C24F47F29004CF43B /* Debug */ = {
			isa = XCBuildConfiguration;
			baseConfigurationReference = 2DD7AD62F899FC16E85EBE14 /* Pods-BeerPal-BeerPalTests.debug.xcconfig */;
			buildSettings = {
				BUNDLE_LOADER = "$(TEST_HOST)";
				CODE_SIGN_STYLE = Automatic;
				DEVELOPMENT_TEAM = TX9U4PU7DG;
				INFOPLIST_FILE = BeerPalTests/Info.plist;
				IPHONEOS_DEPLOYMENT_TARGET = 13.0;
				LD_RUNPATH_SEARCH_PATHS = (
					"$(inherited)",
					"@executable_path/Frameworks",
					"@loader_path/Frameworks",
				);
				PRODUCT_BUNDLE_IDENTIFIER = com.babiskrzysztof.BeerPalTests;
				PRODUCT_NAME = "$(TARGET_NAME)";
				SWIFT_VERSION = 5.0;
				TARGETED_DEVICE_FAMILY = "1,2";
				TEST_HOST = "$(BUILT_PRODUCTS_DIR)/BeerPal.app/BeerPal";
			};
			name = Debug;
		};
		E6A05F6D24F47F29004CF43B /* Release */ = {
			isa = XCBuildConfiguration;
			baseConfigurationReference = 2271DAEBE1C0317845EC4198 /* Pods-BeerPal-BeerPalTests.release.xcconfig */;
			buildSettings = {
				BUNDLE_LOADER = "$(TEST_HOST)";
				CODE_SIGN_STYLE = Automatic;
				DEVELOPMENT_TEAM = TX9U4PU7DG;
				INFOPLIST_FILE = BeerPalTests/Info.plist;
				IPHONEOS_DEPLOYMENT_TARGET = 13.0;
				LD_RUNPATH_SEARCH_PATHS = (
					"$(inherited)",
					"@executable_path/Frameworks",
					"@loader_path/Frameworks",
				);
				PRODUCT_BUNDLE_IDENTIFIER = com.babiskrzysztof.BeerPalTests;
				PRODUCT_NAME = "$(TARGET_NAME)";
				SWIFT_VERSION = 5.0;
				TARGETED_DEVICE_FAMILY = "1,2";
				TEST_HOST = "$(BUILT_PRODUCTS_DIR)/BeerPal.app/BeerPal";
			};
			name = Release;
		};
		E6A05F6F24F47F29004CF43B /* Debug */ = {
			isa = XCBuildConfiguration;
			baseConfigurationReference = F4817C806EF98791B685D77C /* Pods-BeerPal-BeerPalUITests.debug.xcconfig */;
			buildSettings = {
				CODE_SIGN_STYLE = Automatic;
				DEVELOPMENT_TEAM = TX9U4PU7DG;
				INFOPLIST_FILE = BeerPalUITests/Info.plist;
				LD_RUNPATH_SEARCH_PATHS = (
					"$(inherited)",
					"@executable_path/Frameworks",
					"@loader_path/Frameworks",
				);
				PRODUCT_BUNDLE_IDENTIFIER = com.babiskrzysztof.BeerPalUITests;
				PRODUCT_NAME = "$(TARGET_NAME)";
				SWIFT_VERSION = 5.0;
				TARGETED_DEVICE_FAMILY = "1,2";
				TEST_TARGET_NAME = BeerPal;
			};
			name = Debug;
		};
		E6A05F7024F47F29004CF43B /* Release */ = {
			isa = XCBuildConfiguration;
			baseConfigurationReference = 389B06F955ACE9422A7999C5 /* Pods-BeerPal-BeerPalUITests.release.xcconfig */;
			buildSettings = {
				CODE_SIGN_STYLE = Automatic;
				DEVELOPMENT_TEAM = TX9U4PU7DG;
				INFOPLIST_FILE = BeerPalUITests/Info.plist;
				LD_RUNPATH_SEARCH_PATHS = (
					"$(inherited)",
					"@executable_path/Frameworks",
					"@loader_path/Frameworks",
				);
				PRODUCT_BUNDLE_IDENTIFIER = com.babiskrzysztof.BeerPalUITests;
				PRODUCT_NAME = "$(TARGET_NAME)";
				SWIFT_VERSION = 5.0;
				TARGETED_DEVICE_FAMILY = "1,2";
				TEST_TARGET_NAME = BeerPal;
			};
			name = Release;
		};
/* End XCBuildConfiguration section */

/* Begin XCConfigurationList section */
		E6A05F3924F47F27004CF43B /* Build configuration list for PBXProject "BeerPal" */ = {
			isa = XCConfigurationList;
			buildConfigurations = (
				E6A05F6624F47F29004CF43B /* Debug */,
				E6A05F6724F47F29004CF43B /* Release */,
			);
			defaultConfigurationIsVisible = 0;
			defaultConfigurationName = Release;
		};
		E6A05F6824F47F29004CF43B /* Build configuration list for PBXNativeTarget "BeerPal" */ = {
			isa = XCConfigurationList;
			buildConfigurations = (
				E6A05F6924F47F29004CF43B /* Debug */,
				E6A05F6A24F47F29004CF43B /* Release */,
			);
			defaultConfigurationIsVisible = 0;
			defaultConfigurationName = Release;
		};
		E6A05F6B24F47F29004CF43B /* Build configuration list for PBXNativeTarget "BeerPalTests" */ = {
			isa = XCConfigurationList;
			buildConfigurations = (
				E6A05F6C24F47F29004CF43B /* Debug */,
				E6A05F6D24F47F29004CF43B /* Release */,
			);
			defaultConfigurationIsVisible = 0;
			defaultConfigurationName = Release;
		};
		E6A05F6E24F47F29004CF43B /* Build configuration list for PBXNativeTarget "BeerPalUITests" */ = {
			isa = XCConfigurationList;
			buildConfigurations = (
				E6A05F6F24F47F29004CF43B /* Debug */,
				E6A05F7024F47F29004CF43B /* Release */,
			);
			defaultConfigurationIsVisible = 0;
			defaultConfigurationName = Release;
		};
/* End XCConfigurationList section */
	};
	rootObject = E6A05F3624F47F27004CF43B /* Project object */;
}
